// !$*UTF8*$!
{
	archiveVersion = 1;
	classes = {
	};
	objectVersion = 55;
	objects = {

/* Begin PBXBuildFile section */
		363C6B0929074D1A0037E19F /* Flowdoro App.swift in Sources */ = {isa = PBXBuildFile; fileRef = 363C6B0829074D1A0037E19F /* Flowdoro App.swift */; };
		363C6B0B29074D1A0037E19F /* HomeView.swift in Sources */ = {isa = PBXBuildFile; fileRef = 363C6B0A29074D1A0037E19F /* HomeView.swift */; };
		363C6B0D29074D1E0037E19F /* Assets.xcassets in Resources */ = {isa = PBXBuildFile; fileRef = 363C6B0C29074D1E0037E19F /* Assets.xcassets */; };
		363C6B1029074D1E0037E19F /* Preview Assets.xcassets in Resources */ = {isa = PBXBuildFile; fileRef = 363C6B0F29074D1E0037E19F /* Preview Assets.xcassets */; };
		363C6B1B290753590037E19F /* HomeViewModel.swift in Sources */ = {isa = PBXBuildFile; fileRef = 363C6B1A290753590037E19F /* HomeViewModel.swift */; };
		363C6B1F2907636D0037E19F /* ButtonView.swift in Sources */ = {isa = PBXBuildFile; fileRef = 363C6B1E2907636D0037E19F /* ButtonView.swift */; };
		363C6B212907B3430037E19F /* EditTimerPopupView.swift in Sources */ = {isa = PBXBuildFile; fileRef = 363C6B202907B3430037E19F /* EditTimerPopupView.swift */; };
		363C6B242908A09B0037E19F /* Double.swift in Sources */ = {isa = PBXBuildFile; fileRef = 363C6B232908A09B0037E19F /* Double.swift */; };
		363C6B262908B7A10037E19F /* Color.swift in Sources */ = {isa = PBXBuildFile; fileRef = 363C6B252908B7A10037E19F /* Color.swift */; };
		367E737329F73AD3004FBB15 /* AddTaskView.swift in Sources */ = {isa = PBXBuildFile; fileRef = 367E737229F73AD3004FBB15 /* AddTaskView.swift */; };
		36AA1DDD29EE10F200FDFAA3 /* StatsModel.xcdatamodeld in Sources */ = {isa = PBXBuildFile; fileRef = 36AA1DDB29EE10F200FDFAA3 /* StatsModel.xcdatamodeld */; };
		36AA1DDF29EE127B00FDFAA3 /* DataController.swift in Sources */ = {isa = PBXBuildFile; fileRef = 36AA1DDE29EE127B00FDFAA3 /* DataController.swift */; };
		36AA1DE229EE1B0800FDFAA3 /* TimeFormatting.swift in Sources */ = {isa = PBXBuildFile; fileRef = 36AA1DE129EE1B0800FDFAA3 /* TimeFormatting.swift */; };
		36AA1DE429EF58EE00FDFAA3 /* TabBarShadow.swift in Sources */ = {isa = PBXBuildFile; fileRef = 36AA1DE329EF58EE00FDFAA3 /* TabBarShadow.swift */; };
		36AA1DE629EF596E00FDFAA3 /* StatsView.swift in Sources */ = {isa = PBXBuildFile; fileRef = 36AA1DE529EF596E00FDFAA3 /* StatsView.swift */; };
/* End PBXBuildFile section */

/* Begin PBXFileReference section */
		363C6B0529074D1A0037E19F /* Flowdoro.app */ = {isa = PBXFileReference; explicitFileType = wrapper.application; includeInIndex = 0; path = Flowdoro.app; sourceTree = BUILT_PRODUCTS_DIR; };
		363C6B0829074D1A0037E19F /* Flowdoro App.swift */ = {isa = PBXFileReference; lastKnownFileType = sourcecode.swift; path = "Flowdoro App.swift"; sourceTree = "<group>"; };
		363C6B0A29074D1A0037E19F /* HomeView.swift */ = {isa = PBXFileReference; lastKnownFileType = sourcecode.swift; path = HomeView.swift; sourceTree = "<group>"; };
		363C6B0C29074D1E0037E19F /* Assets.xcassets */ = {isa = PBXFileReference; lastKnownFileType = folder.assetcatalog; path = Assets.xcassets; sourceTree = "<group>"; };
		363C6B0F29074D1E0037E19F /* Preview Assets.xcassets */ = {isa = PBXFileReference; lastKnownFileType = folder.assetcatalog; path = "Preview Assets.xcassets"; sourceTree = "<group>"; };
		363C6B1A290753590037E19F /* HomeViewModel.swift */ = {isa = PBXFileReference; lastKnownFileType = sourcecode.swift; path = HomeViewModel.swift; sourceTree = "<group>"; };
		363C6B1E2907636D0037E19F /* ButtonView.swift */ = {isa = PBXFileReference; lastKnownFileType = sourcecode.swift; path = ButtonView.swift; sourceTree = "<group>"; };
		363C6B202907B3430037E19F /* EditTimerPopupView.swift */ = {isa = PBXFileReference; lastKnownFileType = sourcecode.swift; path = EditTimerPopupView.swift; sourceTree = "<group>"; };
		363C6B232908A09B0037E19F /* Double.swift */ = {isa = PBXFileReference; lastKnownFileType = sourcecode.swift; path = Double.swift; sourceTree = "<group>"; };
		363C6B252908B7A10037E19F /* Color.swift */ = {isa = PBXFileReference; lastKnownFileType = sourcecode.swift; path = Color.swift; sourceTree = "<group>"; };
		367E737229F73AD3004FBB15 /* AddTaskView.swift */ = {isa = PBXFileReference; lastKnownFileType = sourcecode.swift; path = AddTaskView.swift; sourceTree = "<group>"; };
		36AA1DDC29EE10F200FDFAA3 /* StudyStatsModel.xcdatamodel */ = {isa = PBXFileReference; lastKnownFileType = wrapper.xcdatamodel; path = StudyStatsModel.xcdatamodel; sourceTree = "<group>"; };
		36AA1DDE29EE127B00FDFAA3 /* DataController.swift */ = {isa = PBXFileReference; lastKnownFileType = sourcecode.swift; path = DataController.swift; sourceTree = "<group>"; };
		36AA1DE129EE1B0800FDFAA3 /* TimeFormatting.swift */ = {isa = PBXFileReference; lastKnownFileType = sourcecode.swift; path = TimeFormatting.swift; sourceTree = "<group>"; };
		36AA1DE329EF58EE00FDFAA3 /* TabBarShadow.swift */ = {isa = PBXFileReference; lastKnownFileType = sourcecode.swift; path = TabBarShadow.swift; sourceTree = "<group>"; };
		36AA1DE529EF596E00FDFAA3 /* StatsView.swift */ = {isa = PBXFileReference; lastKnownFileType = sourcecode.swift; path = StatsView.swift; sourceTree = "<group>"; };
/* End PBXFileReference section */

/* Begin PBXFrameworksBuildPhase section */
		363C6B0229074D1A0037E19F /* Frameworks */ = {
			isa = PBXFrameworksBuildPhase;
			buildActionMask = 2147483647;
			files = (
			);
			runOnlyForDeploymentPostprocessing = 0;
		};
/* End PBXFrameworksBuildPhase section */

/* Begin PBXGroup section */
		363C6AFC29074D1A0037E19F = {
			isa = PBXGroup;
			children = (
				363C6B0729074D1A0037E19F /* Flowdoro */,
				363C6B0629074D1A0037E19F /* Products */,
			);
			sourceTree = "<group>";
		};
		363C6B0629074D1A0037E19F /* Products */ = {
			isa = PBXGroup;
			children = (
				363C6B0529074D1A0037E19F /* Flowdoro.app */,
			);
			name = Products;
			sourceTree = "<group>";
		};
		363C6B0729074D1A0037E19F /* Flowdoro */ = {
			isa = PBXGroup;
			children = (
				36AA1DE029EE1AF900FDFAA3 /* Helpers */,
				363C6B0829074D1A0037E19F /* Flowdoro App.swift */,
				363C6B222908A08B0037E19F /* Extensions */,
				363C6B1629074E500037E19F /* Models */,
				363C6B1C290763300037E19F /* Core */,
				36AA1DDA29EE10A700FDFAA3 /* DataModel */,
				363C6B0C29074D1E0037E19F /* Assets.xcassets */,
				363C6B0E29074D1E0037E19F /* Preview Content */,
			);
			path = Flowdoro;
			sourceTree = "<group>";
		};
		363C6B0E29074D1E0037E19F /* Preview Content */ = {
			isa = PBXGroup;
			children = (
				363C6B0F29074D1E0037E19F /* Preview Assets.xcassets */,
			);
			path = "Preview Content";
			sourceTree = "<group>";
		};
		363C6B1629074E500037E19F /* Models */ = {
			isa = PBXGroup;
			children = (
			);
			path = Models;
			sourceTree = "<group>";
		};
		363C6B1829074EBE0037E19F /* Views */ = {
			isa = PBXGroup;
			children = (
				363C6B0A29074D1A0037E19F /* HomeView.swift */,
				36AA1DE529EF596E00FDFAA3 /* StatsView.swift */,
			);
			path = Views;
			sourceTree = "<group>";
		};
		363C6B1929074EC30037E19F /* ViewModels */ = {
			isa = PBXGroup;
			children = (
				363C6B1A290753590037E19F /* HomeViewModel.swift */,
			);
			path = ViewModels;
			sourceTree = "<group>";
		};
		363C6B1C290763300037E19F /* Core */ = {
			isa = PBXGroup;
			children = (
				363C6B1D290763580037E19F /* Components */,
				363C6B1929074EC30037E19F /* ViewModels */,
				363C6B1829074EBE0037E19F /* Views */,
			);
			path = Core;
			sourceTree = "<group>";
		};
		363C6B1D290763580037E19F /* Components */ = {
			isa = PBXGroup;
			children = (
				363C6B1E2907636D0037E19F /* ButtonView.swift */,
				363C6B202907B3430037E19F /* EditTimerPopupView.swift */,
				36AA1DE329EF58EE00FDFAA3 /* TabBarShadow.swift */,
				367E737229F73AD3004FBB15 /* AddTaskView.swift */,
			);
			path = Components;
			sourceTree = "<group>";
		};
		363C6B222908A08B0037E19F /* Extensions */ = {
			isa = PBXGroup;
			children = (
				363C6B232908A09B0037E19F /* Double.swift */,
				363C6B252908B7A10037E19F /* Color.swift */,
			);
			path = Extensions;
			sourceTree = "<group>";
		};
		36AA1DDA29EE10A700FDFAA3 /* DataModel */ = {
			isa = PBXGroup;
			children = (
				36AA1DDB29EE10F200FDFAA3 /* StatsModel.xcdatamodeld */,
				36AA1DDE29EE127B00FDFAA3 /* DataController.swift */,
			);
			path = DataModel;
			sourceTree = "<group>";
		};
		36AA1DE029EE1AF900FDFAA3 /* Helpers */ = {
			isa = PBXGroup;
			children = (
				36AA1DE129EE1B0800FDFAA3 /* TimeFormatting.swift */,
			);
			path = Helpers;
			sourceTree = "<group>";
		};
/* End PBXGroup section */

/* Begin PBXNativeTarget section */
		363C6B0429074D1A0037E19F /* Flexodoro */ = {
			isa = PBXNativeTarget;
			buildConfigurationList = 363C6B1329074D1E0037E19F /* Build configuration list for PBXNativeTarget "Flexodoro" */;
			buildPhases = (
				363C6B0129074D1A0037E19F /* Sources */,
				363C6B0229074D1A0037E19F /* Frameworks */,
				363C6B0329074D1A0037E19F /* Resources */,
			);
			buildRules = (
			);
			dependencies = (
			);
			name = Flexodoro;
			productName = Flexodoro;
			productReference = 363C6B0529074D1A0037E19F /* Flowdoro.app */;
			productType = "com.apple.product-type.application";
		};
/* End PBXNativeTarget section */

/* Begin PBXProject section */
		363C6AFD29074D1A0037E19F /* Project object */ = {
			isa = PBXProject;
			attributes = {
				BuildIndependentTargetsInParallel = 1;
				LastSwiftUpdateCheck = 1340;
				LastUpgradeCheck = 1340;
				TargetAttributes = {
					363C6B0429074D1A0037E19F = {
						CreatedOnToolsVersion = 13.4.1;
					};
				};
			};
			buildConfigurationList = 363C6B0029074D1A0037E19F /* Build configuration list for PBXProject "Flexodoro" */;
			compatibilityVersion = "Xcode 13.0";
			developmentRegion = en;
			hasScannedForEncodings = 0;
			knownRegions = (
				en,
				Base,
			);
			mainGroup = 363C6AFC29074D1A0037E19F;
			productRefGroup = 363C6B0629074D1A0037E19F /* Products */;
			projectDirPath = "";
			projectRoot = "";
			targets = (
				363C6B0429074D1A0037E19F /* Flexodoro */,
			);
		};
/* End PBXProject section */

/* Begin PBXResourcesBuildPhase section */
		363C6B0329074D1A0037E19F /* Resources */ = {
			isa = PBXResourcesBuildPhase;
			buildActionMask = 2147483647;
			files = (
				363C6B1029074D1E0037E19F /* Preview Assets.xcassets in Resources */,
				363C6B0D29074D1E0037E19F /* Assets.xcassets in Resources */,
			);
			runOnlyForDeploymentPostprocessing = 0;
		};
/* End PBXResourcesBuildPhase section */

/* Begin PBXSourcesBuildPhase section */
		363C6B0129074D1A0037E19F /* Sources */ = {
			isa = PBXSourcesBuildPhase;
			buildActionMask = 2147483647;
			files = (
				36AA1DE429EF58EE00FDFAA3 /* TabBarShadow.swift in Sources */,
				363C6B0B29074D1A0037E19F /* HomeView.swift in Sources */,
				363C6B1B290753590037E19F /* HomeViewModel.swift in Sources */,
				363C6B262908B7A10037E19F /* Color.swift in Sources */,
				363C6B212907B3430037E19F /* EditTimerPopupView.swift in Sources */,
				36AA1DDF29EE127B00FDFAA3 /* DataController.swift in Sources */,
				36AA1DE229EE1B0800FDFAA3 /* TimeFormatting.swift in Sources */,
				363C6B1F2907636D0037E19F /* ButtonView.swift in Sources */,
				36AA1DE629EF596E00FDFAA3 /* StatsView.swift in Sources */,
				36AA1DDD29EE10F200FDFAA3 /* StatsModel.xcdatamodeld in Sources */,
				363C6B242908A09B0037E19F /* Double.swift in Sources */,
				363C6B0929074D1A0037E19F /* Flowdoro App.swift in Sources */,
				367E737329F73AD3004FBB15 /* AddTaskView.swift in Sources */,
			);
			runOnlyForDeploymentPostprocessing = 0;
		};
/* End PBXSourcesBuildPhase section */

/* Begin XCBuildConfiguration section */
		363C6B1129074D1E0037E19F /* Debug */ = {
			isa = XCBuildConfiguration;
			buildSettings = {
				ALWAYS_SEARCH_USER_PATHS = NO;
				CLANG_ANALYZER_NONNULL = YES;
				CLANG_ANALYZER_NUMBER_OBJECT_CONVERSION = YES_AGGRESSIVE;
				CLANG_CXX_LANGUAGE_STANDARD = "gnu++17";
				CLANG_ENABLE_MODULES = YES;
				CLANG_ENABLE_OBJC_ARC = YES;
				CLANG_ENABLE_OBJC_WEAK = YES;
				CLANG_WARN_BLOCK_CAPTURE_AUTORELEASING = YES;
				CLANG_WARN_BOOL_CONVERSION = YES;
				CLANG_WARN_COMMA = YES;
				CLANG_WARN_CONSTANT_CONVERSION = YES;
				CLANG_WARN_DEPRECATED_OBJC_IMPLEMENTATIONS = YES;
				CLANG_WARN_DIRECT_OBJC_ISA_USAGE = YES_ERROR;
				CLANG_WARN_DOCUMENTATION_COMMENTS = YES;
				CLANG_WARN_EMPTY_BODY = YES;
				CLANG_WARN_ENUM_CONVERSION = YES;
				CLANG_WARN_INFINITE_RECURSION = YES;
				CLANG_WARN_INT_CONVERSION = YES;
				CLANG_WARN_NON_LITERAL_NULL_CONVERSION = YES;
				CLANG_WARN_OBJC_IMPLICIT_RETAIN_SELF = YES;
				CLANG_WARN_OBJC_LITERAL_CONVERSION = YES;
				CLANG_WARN_OBJC_ROOT_CLASS = YES_ERROR;
				CLANG_WARN_QUOTED_INCLUDE_IN_FRAMEWORK_HEADER = YES;
				CLANG_WARN_RANGE_LOOP_ANALYSIS = YES;
				CLANG_WARN_STRICT_PROTOTYPES = YES;
				CLANG_WARN_SUSPICIOUS_MOVE = YES;
				CLANG_WARN_UNGUARDED_AVAILABILITY = YES_AGGRESSIVE;
				CLANG_WARN_UNREACHABLE_CODE = YES;
				CLANG_WARN__DUPLICATE_METHOD_MATCH = YES;
				COPY_PHASE_STRIP = NO;
				DEBUG_INFORMATION_FORMAT = dwarf;
				ENABLE_STRICT_OBJC_MSGSEND = YES;
				ENABLE_TESTABILITY = YES;
				GCC_C_LANGUAGE_STANDARD = gnu11;
				GCC_DYNAMIC_NO_PIC = NO;
				GCC_NO_COMMON_BLOCKS = YES;
				GCC_OPTIMIZATION_LEVEL = 0;
				GCC_PREPROCESSOR_DEFINITIONS = (
					"DEBUG=1",
					"$(inherited)",
				);
				GCC_WARN_64_TO_32_BIT_CONVERSION = YES;
				GCC_WARN_ABOUT_RETURN_TYPE = YES_ERROR;
				GCC_WARN_UNDECLARED_SELECTOR = YES;
				GCC_WARN_UNINITIALIZED_AUTOS = YES_AGGRESSIVE;
				GCC_WARN_UNUSED_FUNCTION = YES;
				GCC_WARN_UNUSED_VARIABLE = YES;
				IPHONEOS_DEPLOYMENT_TARGET = 15.5;
				MTL_ENABLE_DEBUG_INFO = INCLUDE_SOURCE;
				MTL_FAST_MATH = YES;
				ONLY_ACTIVE_ARCH = YES;
				SDKROOT = iphoneos;
				SWIFT_ACTIVE_COMPILATION_CONDITIONS = DEBUG;
				SWIFT_OPTIMIZATION_LEVEL = "-Onone";
			};
			name = Debug;
		};
		363C6B1229074D1E0037E19F /* Release */ = {
			isa = XCBuildConfiguration;
			buildSettings = {
				ALWAYS_SEARCH_USER_PATHS = NO;
				CLANG_ANALYZER_NONNULL = YES;
				CLANG_ANALYZER_NUMBER_OBJECT_CONVERSION = YES_AGGRESSIVE;
				CLANG_CXX_LANGUAGE_STANDARD = "gnu++17";
				CLANG_ENABLE_MODULES = YES;
				CLANG_ENABLE_OBJC_ARC = YES;
				CLANG_ENABLE_OBJC_WEAK = YES;
				CLANG_WARN_BLOCK_CAPTURE_AUTORELEASING = YES;
				CLANG_WARN_BOOL_CONVERSION = YES;
				CLANG_WARN_COMMA = YES;
				CLANG_WARN_CONSTANT_CONVERSION = YES;
				CLANG_WARN_DEPRECATED_OBJC_IMPLEMENTATIONS = YES;
				CLANG_WARN_DIRECT_OBJC_ISA_USAGE = YES_ERROR;
				CLANG_WARN_DOCUMENTATION_COMMENTS = YES;
				CLANG_WARN_EMPTY_BODY = YES;
				CLANG_WARN_ENUM_CONVERSION = YES;
				CLANG_WARN_INFINITE_RECURSION = YES;
				CLANG_WARN_INT_CONVERSION = YES;
				CLANG_WARN_NON_LITERAL_NULL_CONVERSION = YES;
				CLANG_WARN_OBJC_IMPLICIT_RETAIN_SELF = YES;
				CLANG_WARN_OBJC_LITERAL_CONVERSION = YES;
				CLANG_WARN_OBJC_ROOT_CLASS = YES_ERROR;
				CLANG_WARN_QUOTED_INCLUDE_IN_FRAMEWORK_HEADER = YES;
				CLANG_WARN_RANGE_LOOP_ANALYSIS = YES;
				CLANG_WARN_STRICT_PROTOTYPES = YES;
				CLANG_WARN_SUSPICIOUS_MOVE = YES;
				CLANG_WARN_UNGUARDED_AVAILABILITY = YES_AGGRESSIVE;
				CLANG_WARN_UNREACHABLE_CODE = YES;
				CLANG_WARN__DUPLICATE_METHOD_MATCH = YES;
				COPY_PHASE_STRIP = NO;
				DEBUG_INFORMATION_FORMAT = "dwarf-with-dsym";
				ENABLE_NS_ASSERTIONS = NO;
				ENABLE_STRICT_OBJC_MSGSEND = YES;
				GCC_C_LANGUAGE_STANDARD = gnu11;
				GCC_NO_COMMON_BLOCKS = YES;
				GCC_WARN_64_TO_32_BIT_CONVERSION = YES;
				GCC_WARN_ABOUT_RETURN_TYPE = YES_ERROR;
				GCC_WARN_UNDECLARED_SELECTOR = YES;
				GCC_WARN_UNINITIALIZED_AUTOS = YES_AGGRESSIVE;
				GCC_WARN_UNUSED_FUNCTION = YES;
				GCC_WARN_UNUSED_VARIABLE = YES;
				IPHONEOS_DEPLOYMENT_TARGET = 15.5;
				MTL_ENABLE_DEBUG_INFO = NO;
				MTL_FAST_MATH = YES;
				SDKROOT = iphoneos;
				SWIFT_COMPILATION_MODE = wholemodule;
				SWIFT_OPTIMIZATION_LEVEL = "-O";
				VALIDATE_PRODUCT = YES;
			};
			name = Release;
		};
		363C6B1429074D1E0037E19F /* Debug */ = {
			isa = XCBuildConfiguration;
			buildSettings = {
				ASSETCATALOG_COMPILER_APPICON_NAME = AppIcon;
				ASSETCATALOG_COMPILER_GLOBAL_ACCENT_COLOR_NAME = AccentColor;
				CODE_SIGN_STYLE = Automatic;
				CURRENT_PROJECT_VERSION = 1;
				DEVELOPMENT_ASSET_PATHS = "\"Flowdoro/Preview Content\"";
				DEVELOPMENT_TEAM = PMP3AMXY6R;
				ENABLE_PREVIEWS = YES;
				GENERATE_INFOPLIST_FILE = YES;
				INFOPLIST_KEY_UIApplicationSceneManifest_Generation = YES;
				INFOPLIST_KEY_UIApplicationSupportsIndirectInputEvents = YES;
				INFOPLIST_KEY_UILaunchScreen_Generation = YES;
				INFOPLIST_KEY_UISupportedInterfaceOrientations_iPad = "UIInterfaceOrientationPortrait UIInterfaceOrientationPortraitUpsideDown UIInterfaceOrientationLandscapeLeft UIInterfaceOrientationLandscapeRight";
				INFOPLIST_KEY_UISupportedInterfaceOrientations_iPhone = "UIInterfaceOrientationPortrait UIInterfaceOrientationLandscapeLeft UIInterfaceOrientationLandscapeRight";
				LD_RUNPATH_SEARCH_PATHS = (
					"$(inherited)",
					"@executable_path/Frameworks",
				);
				MARKETING_VERSION = 1.0;
				PRODUCT_BUNDLE_IDENTIFIER = "com.brukewondessen.-Flowdoro";
				PRODUCT_NAME = Flowdoro;
				SWIFT_EMIT_LOC_STRINGS = YES;
				SWIFT_VERSION = 5.0;
				TARGETED_DEVICE_FAMILY = "1,2";
			};
			name = Debug;
		};
		363C6B1529074D1E0037E19F /* Release */ = {
			isa = XCBuildConfiguration;
			buildSettings = {
				ASSETCATALOG_COMPILER_APPICON_NAME = AppIcon;
				ASSETCATALOG_COMPILER_GLOBAL_ACCENT_COLOR_NAME = AccentColor;
				CODE_SIGN_STYLE = Automatic;
				CURRENT_PROJECT_VERSION = 1;
				DEVELOPMENT_ASSET_PATHS = "\"Flowdoro/Preview Content\"";
				DEVELOPMENT_TEAM = PMP3AMXY6R;
				ENABLE_PREVIEWS = YES;
				GENERATE_INFOPLIST_FILE = YES;
				INFOPLIST_KEY_UIApplicationSceneManifest_Generation = YES;
				INFOPLIST_KEY_UIApplicationSupportsIndirectInputEvents = YES;
				INFOPLIST_KEY_UILaunchScreen_Generation = YES;
				INFOPLIST_KEY_UISupportedInterfaceOrientations_iPad = "UIInterfaceOrientationPortrait UIInterfaceOrientationPortraitUpsideDown UIInterfaceOrientationLandscapeLeft UIInterfaceOrientationLandscapeRight";
				INFOPLIST_KEY_UISupportedInterfaceOrientations_iPhone = "UIInterfaceOrientationPortrait UIInterfaceOrientationLandscapeLeft UIInterfaceOrientationLandscapeRight";
				LD_RUNPATH_SEARCH_PATHS = (
					"$(inherited)",
					"@executable_path/Frameworks",
				);
				MARKETING_VERSION = 1.0;
				PRODUCT_BUNDLE_IDENTIFIER = "com.brukewondessen.-Flowdoro";
				PRODUCT_NAME = Flowdoro;
				SWIFT_EMIT_LOC_STRINGS = YES;
				SWIFT_VERSION = 5.0;
				TARGETED_DEVICE_FAMILY = "1,2";
			};
			name = Release;
		};
/* End XCBuildConfiguration section */

/* Begin XCConfigurationList section */
		363C6B0029074D1A0037E19F /* Build configuration list for PBXProject "Flexodoro" */ = {
			isa = XCConfigurationList;
			buildConfigurations = (
				363C6B1129074D1E0037E19F /* Debug */,
				363C6B1229074D1E0037E19F /* Release */,
			);
			defaultConfigurationIsVisible = 0;
			defaultConfigurationName = Release;
		};
		363C6B1329074D1E0037E19F /* Build configuration list for PBXNativeTarget "Flexodoro" */ = {
			isa = XCConfigurationList;
			buildConfigurations = (
				363C6B1429074D1E0037E19F /* Debug */,
				363C6B1529074D1E0037E19F /* Release */,
			);
			defaultConfigurationIsVisible = 0;
			defaultConfigurationName = Release;
		};
/* End XCConfigurationList section */

/* Begin XCVersionGroup section */
		36AA1DDB29EE10F200FDFAA3 /* StatsModel.xcdatamodeld */ = {
			isa = XCVersionGroup;
			children = (
				36AA1DDC29EE10F200FDFAA3 /* StudyStatsModel.xcdatamodel */,
			);
			currentVersion = 36AA1DDC29EE10F200FDFAA3 /* StudyStatsModel.xcdatamodel */;
			path = StatsModel.xcdatamodeld;
			sourceTree = "<group>";
			versionGroupType = wrapper.xcdatamodel;
		};
/* End XCVersionGroup section */
	};
	rootObject = 363C6AFD29074D1A0037E19F /* Project object */;
}
